
Microsoft Visual Studio Solution File, Format Version 11.00
# Visual Studio 2010
Project("{8BC9CEB8-8B4A-11D0-8D11-00A0C91BC942}") = "2.9.3", "2.9.3\2.9.3.vcxproj", "{9511B007-A7A6-45CF-8CB8-886BA2578D0F}"
EndProject
Global
	GlobalSection(SolutionConfigurationPlatforms) = preSolution
		Debug|Win32 = Debug|Win32
		Release|Win32 = Release|Win32
	EndGlobalSection
	GlobalSection(ProjectConfigurationPlatforms) = postSolution
		{9511B007-A7A6-45CF-8CB8-886BA2578D0F}.Debug|Win32.ActiveCfg = Debug|Win32
		{9511B007-A7A6-45CF-8CB8-886BA2578D0F}.Debug|Win32.Build.0 = Debug|Win32
		{9511B007-A7A6-45CF-8CB8-886BA2578D0F}.Release|Win32.ActiveCfg = Release|Win32
		{9511B007-A7A6-45CF-8CB8-886BA2578D0F}.Release|Win32.Build.0 = Release|Win32
	EndGlobalSection
	GlobalSection(SolutionProperties) = preSolution
		HideSolutionNode = FALSE
	EndGlobalSection
EndGlobal
