
Microsoft Visual Studio Solution File, Format Version 11.00
# Visual Studio 2010
Project("{8BC9CEB8-8B4A-11D0-8D11-00A0C91BC942}") = "1003", "1003\1003.vcxproj", "{2FB86F93-C9B9-4544-99AB-8F192B5E7442}"
EndProject
Global
	GlobalSection(SolutionConfigurationPlatforms) = preSolution
		Debug|Win32 = Debug|Win32
		Release|Win32 = Release|Win32
	EndGlobalSection
	GlobalSection(ProjectConfigurationPlatforms) = postSolution
		{2FB86F93-C9B9-4544-99AB-8F192B5E7442}.Debug|Win32.ActiveCfg = Debug|Win32
		{2FB86F93-C9B9-4544-99AB-8F192B5E7442}.Debug|Win32.Build.0 = Debug|Win32
		{2FB86F93-C9B9-4544-99AB-8F192B5E7442}.Release|Win32.ActiveCfg = Release|Win32
		{2FB86F93-C9B9-4544-99AB-8F192B5E7442}.Release|Win32.Build.0 = Release|Win32
	EndGlobalSection
	GlobalSection(SolutionProperties) = preSolution
		HideSolutionNode = FALSE
	EndGlobalSection
EndGlobal
